
Microsoft Visual Studio Solution File, Format Version 12.00
# Visual Studio Version 17
VisualStudioVersion = 17.7.34009.444
MinimumVisualStudioVersion = 10.0.40219.1
Project("{FAE04EC0-301F-11D3-BF4B-00C04F79EFBC}") = "WebApplication2 Cars", "WebApplication2 Cars.csproj", "{A974FE8E-CEFD-4FBA-8184-59336BDB7AF9}"
EndProject
Global
	GlobalSection(SolutionConfigurationPlatforms) = preSolution
		Debug|Any CPU = Debug|Any CPU
		Release|Any CPU = Release|Any CPU
	EndGlobalSection
	GlobalSection(ProjectConfigurationPlatforms) = postSolution
		{A974FE8E-CEFD-4FBA-8184-59336BDB7AF9}.Debug|Any CPU.ActiveCfg = Debug|Any CPU
		{A974FE8E-CEFD-4FBA-8184-59336BDB7AF9}.Debug|Any CPU.Build.0 = Debug|Any CPU
		{A974FE8E-CEFD-4FBA-8184-59336BDB7AF9}.Release|Any CPU.ActiveCfg = Release|Any CPU
		{A974FE8E-CEFD-4FBA-8184-59336BDB7AF9}.Release|Any CPU.Build.0 = Release|Any CPU
	EndGlobalSection
	GlobalSection(SolutionProperties) = preSolution
		HideSolutionNode = FALSE
	EndGlobalSection
	GlobalSection(ExtensibilityGlobals) = postSolution
		SolutionGuid = {7014CB80-6C37-4B2E-9DC2-391365D54969}
	EndGlobalSection
EndGlobal
